
Microsoft Visual Studio Solution File, Format Version 12.00
# Visual Studio Version 16
VisualStudioVersion = 16.0.31729.503
MinimumVisualStudioVersion = 10.0.40219.1
Project("{FAE04EC0-301F-11D3-BF4B-00C04F79EFBC}") = "Software de manejo de base de datos (Proyecto - BD)", "Software de manejo de base de datos (Proyecto - BD)\Software de manejo de base de datos (Proyecto - BD).csproj", "{8D5ECA51-3ACF-4F18-B6F5-4BF7664D4989}"
EndProject
Global
	GlobalSection(SolutionConfigurationPlatforms) = preSolution
		Debug|Any CPU = Debug|Any CPU
		Release|Any CPU = Release|Any CPU
	EndGlobalSection
	GlobalSection(ProjectConfigurationPlatforms) = postSolution
		{8D5ECA51-3ACF-4F18-B6F5-4BF7664D4989}.Debug|Any CPU.ActiveCfg = Debug|Any CPU
		{8D5ECA51-3ACF-4F18-B6F5-4BF7664D4989}.Debug|Any CPU.Build.0 = Debug|Any CPU
		{8D5ECA51-3ACF-4F18-B6F5-4BF7664D4989}.Release|Any CPU.ActiveCfg = Release|Any CPU
		{8D5ECA51-3ACF-4F18-B6F5-4BF7664D4989}.Release|Any CPU.Build.0 = Release|Any CPU
	EndGlobalSection
	GlobalSection(SolutionProperties) = preSolution
		HideSolutionNode = FALSE
	EndGlobalSection
	GlobalSection(ExtensibilityGlobals) = postSolution
		SolutionGuid = {04DDEBB5-B24C-4328-991F-89667595344A}
	EndGlobalSection
EndGlobal
